// !$*UTF8*$!
{
	archiveVersion = 1;
	classes = {
	};
	objectVersion = 55;
	objects = {

/* Begin PBXBuildFile section */
		DF0D65E9276CCF40007E64A9 /* FolderCollectionViewCell.swift in Sources */ = {isa = PBXBuildFile; fileRef = DF0D65E8276CCF40007E64A9 /* FolderCollectionViewCell.swift */; };
		DFFB28D6276B8BFF007B5C11 /* AppDelegate.swift in Sources */ = {isa = PBXBuildFile; fileRef = DFFB28D5276B8BFF007B5C11 /* AppDelegate.swift */; };
		DFFB28D8276B8BFF007B5C11 /* SceneDelegate.swift in Sources */ = {isa = PBXBuildFile; fileRef = DFFB28D7276B8BFF007B5C11 /* SceneDelegate.swift */; };
		DFFB28DA276B8BFF007B5C11 /* ViewController.swift in Sources */ = {isa = PBXBuildFile; fileRef = DFFB28D9276B8BFF007B5C11 /* ViewController.swift */; };
		DFFB28DD276B8BFF007B5C11 /* Main.storyboard in Resources */ = {isa = PBXBuildFile; fileRef = DFFB28DB276B8BFF007B5C11 /* Main.storyboard */; };
		DFFB28DF276B8BFF007B5C11 /* Assets.xcassets in Resources */ = {isa = PBXBuildFile; fileRef = DFFB28DE276B8BFF007B5C11 /* Assets.xcassets */; };
		DFFB28E2276B8BFF007B5C11 /* LaunchScreen.storyboard in Resources */ = {isa = PBXBuildFile; fileRef = DFFB28E0276B8BFF007B5C11 /* LaunchScreen.storyboard */; };
		DFFB28EB276BA01A007B5C11 /* BaseView.swift in Sources */ = {isa = PBXBuildFile; fileRef = DFFB28EA276BA01A007B5C11 /* BaseView.swift */; };
/* End PBXBuildFile section */

/* Begin PBXFileReference section */
		DF0D65E8276CCF40007E64A9 /* FolderCollectionViewCell.swift */ = {isa = PBXFileReference; lastKnownFileType = sourcecode.swift; path = FolderCollectionViewCell.swift; sourceTree = "<group>"; };
		DFFB28D2276B8BFF007B5C11 /* KursÖdevFigma.app */ = {isa = PBXFileReference; explicitFileType = wrapper.application; includeInIndex = 0; path = "KursÖdevFigma.app"; sourceTree = BUILT_PRODUCTS_DIR; };
		DFFB28D5276B8BFF007B5C11 /* AppDelegate.swift */ = {isa = PBXFileReference; lastKnownFileType = sourcecode.swift; path = AppDelegate.swift; sourceTree = "<group>"; };
		DFFB28D7276B8BFF007B5C11 /* SceneDelegate.swift */ = {isa = PBXFileReference; lastKnownFileType = sourcecode.swift; path = SceneDelegate.swift; sourceTree = "<group>"; };
		DFFB28D9276B8BFF007B5C11 /* ViewController.swift */ = {isa = PBXFileReference; lastKnownFileType = sourcecode.swift; path = ViewController.swift; sourceTree = "<group>"; };
		DFFB28DC276B8BFF007B5C11 /* Base */ = {isa = PBXFileReference; lastKnownFileType = file.storyboard; name = Base; path = Base.lproj/Main.storyboard; sourceTree = "<group>"; };
		DFFB28DE276B8BFF007B5C11 /* Assets.xcassets */ = {isa = PBXFileReference; lastKnownFileType = folder.assetcatalog; path = Assets.xcassets; sourceTree = "<group>"; };
		DFFB28E1276B8BFF007B5C11 /* Base */ = {isa = PBXFileReference; lastKnownFileType = file.storyboard; name = Base; path = Base.lproj/LaunchScreen.storyboard; sourceTree = "<group>"; };
		DFFB28E3276B8BFF007B5C11 /* Info.plist */ = {isa = PBXFileReference; lastKnownFileType = text.plist.xml; path = Info.plist; sourceTree = "<group>"; };
		DFFB28EA276BA01A007B5C11 /* BaseView.swift */ = {isa = PBXFileReference; lastKnownFileType = sourcecode.swift; path = BaseView.swift; sourceTree = "<group>"; };
/* End PBXFileReference section */

/* Begin PBXFrameworksBuildPhase section */
		DFFB28CF276B8BFF007B5C11 /* Frameworks */ = {
			isa = PBXFrameworksBuildPhase;
			buildActionMask = 2147483647;
			files = (
			);
			runOnlyForDeploymentPostprocessing = 0;
		};
/* End PBXFrameworksBuildPhase section */

/* Begin PBXGroup section */
		DF0D65E7276CCF1D007E64A9 /* Cell */ = {
			isa = PBXGroup;
			children = (
				DF0D65E8276CCF40007E64A9 /* FolderCollectionViewCell.swift */,
			);
			path = Cell;
			sourceTree = "<group>";
		};
		DFFB28C9276B8BFF007B5C11 = {
			isa = PBXGroup;
			children = (
				DFFB28D4276B8BFF007B5C11 /* KursÖdevFigma */,
				DFFB28D3276B8BFF007B5C11 /* Products */,
			);
			sourceTree = "<group>";
		};
		DFFB28D3276B8BFF007B5C11 /* Products */ = {
			isa = PBXGroup;
			children = (
				DFFB28D2276B8BFF007B5C11 /* KursÖdevFigma.app */,
			);
			name = Products;
			sourceTree = "<group>";
		};
		DFFB28D4276B8BFF007B5C11 /* KursÖdevFigma */ = {
			isa = PBXGroup;
			children = (
				DF0D65E7276CCF1D007E64A9 /* Cell */,
				DFFB28E9276B9FFC007B5C11 /* BaseView */,
				DFFB28D5276B8BFF007B5C11 /* AppDelegate.swift */,
				DFFB28D7276B8BFF007B5C11 /* SceneDelegate.swift */,
				DFFB28D9276B8BFF007B5C11 /* ViewController.swift */,
				DFFB28DB276B8BFF007B5C11 /* Main.storyboard */,
				DFFB28DE276B8BFF007B5C11 /* Assets.xcassets */,
				DFFB28E0276B8BFF007B5C11 /* LaunchScreen.storyboard */,
				DFFB28E3276B8BFF007B5C11 /* Info.plist */,
			);
			name = "KursÖdevFigma";
			path = "KursÖdevFigma";
			sourceTree = "<group>";
		};
		DFFB28E9276B9FFC007B5C11 /* BaseView */ = {
			isa = PBXGroup;
			children = (
				DFFB28EA276BA01A007B5C11 /* BaseView.swift */,
			);
			path = BaseView;
			sourceTree = "<group>";
		};
/* End PBXGroup section */

/* Begin PBXNativeTarget section */
		DFFB28D1276B8BFF007B5C11 /* KursÖdevFigma */ = {
			isa = PBXNativeTarget;
			buildConfigurationList = DFFB28E6276B8BFF007B5C11 /* Build configuration list for PBXNativeTarget "KursÖdevFigma" */;
			buildPhases = (
				DFFB28CE276B8BFF007B5C11 /* Sources */,
				DFFB28CF276B8BFF007B5C11 /* Frameworks */,
				DFFB28D0276B8BFF007B5C11 /* Resources */,
			);
			buildRules = (
			);
			dependencies = (
			);
			name = "KursÖdevFigma";
			productName = "KursÖdevFigma";
			productReference = DFFB28D2276B8BFF007B5C11 /* KursÖdevFigma.app */;
			productType = "com.apple.product-type.application";
		};
/* End PBXNativeTarget section */

/* Begin PBXProject section */
		DFFB28CA276B8BFF007B5C11 /* Project object */ = {
			isa = PBXProject;
			attributes = {
				BuildIndependentTargetsInParallel = 1;
				LastSwiftUpdateCheck = 1300;
				LastUpgradeCheck = 1300;
				TargetAttributes = {
					DFFB28D1276B8BFF007B5C11 = {
						CreatedOnToolsVersion = 13.0;
					};
				};
			};
			buildConfigurationList = DFFB28CD276B8BFF007B5C11 /* Build configuration list for PBXProject "KursÖdevFigma" */;
			compatibilityVersion = "Xcode 13.0";
			developmentRegion = en;
			hasScannedForEncodings = 0;
			knownRegions = (
				en,
				Base,
			);
			mainGroup = DFFB28C9276B8BFF007B5C11;
			productRefGroup = DFFB28D3276B8BFF007B5C11 /* Products */;
			projectDirPath = "";
			projectRoot = "";
			targets = (
				DFFB28D1276B8BFF007B5C11 /* KursÖdevFigma */,
			);
		};
/* End PBXProject section */

/* Begin PBXResourcesBuildPhase section */
		DFFB28D0276B8BFF007B5C11 /* Resources */ = {
			isa = PBXResourcesBuildPhase;
			buildActionMask = 2147483647;
			files = (
				DFFB28E2276B8BFF007B5C11 /* LaunchScreen.storyboard in Resources */,
				DFFB28DF276B8BFF007B5C11 /* Assets.xcassets in Resources */,
				DFFB28DD276B8BFF007B5C11 /* Main.storyboard in Resources */,
			);
			runOnlyForDeploymentPostprocessing = 0;
		};
/* End PBXResourcesBuildPhase section */

/* Begin PBXSourcesBuildPhase section */
		DFFB28CE276B8BFF007B5C11 /* Sources */ = {
			isa = PBXSourcesBuildPhase;
			buildActionMask = 2147483647;
			files = (
				DFFB28DA276B8BFF007B5C11 /* ViewController.swift in Sources */,
				DFFB28D6276B8BFF007B5C11 /* AppDelegate.swift in Sources */,
				DFFB28D8276B8BFF007B5C11 /* SceneDelegate.swift in Sources */,
				DF0D65E9276CCF40007E64A9 /* FolderCollectionViewCell.swift in Sources */,
				DFFB28EB276BA01A007B5C11 /* BaseView.swift in Sources */,
			);
			runOnlyForDeploymentPostprocessing = 0;
		};
/* End PBXSourcesBuildPhase section */

/* Begin PBXVariantGroup section */
		DFFB28DB276B8BFF007B5C11 /* Main.storyboard */ = {
			isa = PBXVariantGroup;
			children = (
				DFFB28DC276B8BFF007B5C11 /* Base */,
			);
			name = Main.storyboard;
			sourceTree = "<group>";
		};
		DFFB28E0276B8BFF007B5C11 /* LaunchScreen.storyboard */ = {
			isa = PBXVariantGroup;
			children = (
				DFFB28E1276B8BFF007B5C11 /* Base */,
			);
			name = LaunchScreen.storyboard;
			sourceTree = "<group>";
		};
/* End PBXVariantGroup section */

/* Begin XCBuildConfiguration section */
		DFFB28E4276B8BFF007B5C11 /* Debug */ = {
			isa = XCBuildConfiguration;
			buildSettings = {
				ALWAYS_SEARCH_USER_PATHS = NO;
				CLANG_ANALYZER_NONNULL = YES;
				CLANG_ANALYZER_NUMBER_OBJECT_CONVERSION = YES_AGGRESSIVE;
				CLANG_CXX_LANGUAGE_STANDARD = "gnu++17";
				CLANG_CXX_LIBRARY = "libc++";
				CLANG_ENABLE_MODULES = YES;
				CLANG_ENABLE_OBJC_ARC = YES;
				CLANG_ENABLE_OBJC_WEAK = YES;
				CLANG_WARN_BLOCK_CAPTURE_AUTORELEASING = YES;
				CLANG_WARN_BOOL_CONVERSION = YES;
				CLANG_WARN_COMMA = YES;
				CLANG_WARN_CONSTANT_CONVERSION = YES;
				CLANG_WARN_DEPRECATED_OBJC_IMPLEMENTATIONS = YES;
				CLANG_WARN_DIRECT_OBJC_ISA_USAGE = YES_ERROR;
				CLANG_WARN_DOCUMENTATION_COMMENTS = YES;
				CLANG_WARN_EMPTY_BODY = YES;
				CLANG_WARN_ENUM_CONVERSION = YES;
				CLANG_WARN_INFINITE_RECURSION = YES;
				CLANG_WARN_INT_CONVERSION = YES;
				CLANG_WARN_NON_LITERAL_NULL_CONVERSION = YES;
				CLANG_WARN_OBJC_IMPLICIT_RETAIN_SELF = YES;
				CLANG_WARN_OBJC_LITERAL_CONVERSION = YES;
				CLANG_WARN_OBJC_ROOT_CLASS = YES_ERROR;
				CLANG_WARN_QUOTED_INCLUDE_IN_FRAMEWORK_HEADER = YES;
				CLANG_WARN_RANGE_LOOP_ANALYSIS = YES;
				CLANG_WARN_STRICT_PROTOTYPES = YES;
				CLANG_WARN_SUSPICIOUS_MOVE = YES;
				CLANG_WARN_UNGUARDED_AVAILABILITY = YES_AGGRESSIVE;
				CLANG_WARN_UNREACHABLE_CODE = YES;
				CLANG_WARN__DUPLICATE_METHOD_MATCH = YES;
				COPY_PHASE_STRIP = NO;
				DEBUG_INFORMATION_FORMAT = dwarf;
				ENABLE_STRICT_OBJC_MSGSEND = YES;
				ENABLE_TESTABILITY = YES;
				GCC_C_LANGUAGE_STANDARD = gnu11;
				GCC_DYNAMIC_NO_PIC = NO;
				GCC_NO_COMMON_BLOCKS = YES;
				GCC_OPTIMIZATION_LEVEL = 0;
				GCC_PREPROCESSOR_DEFINITIONS = (
					"DEBUG=1",
					"$(inherited)",
				);
				GCC_WARN_64_TO_32_BIT_CONVERSION = YES;
				GCC_WARN_ABOUT_RETURN_TYPE = YES_ERROR;
				GCC_WARN_UNDECLARED_SELECTOR = YES;
				GCC_WARN_UNINITIALIZED_AUTOS = YES_AGGRESSIVE;
				GCC_WARN_UNUSED_FUNCTION = YES;
				GCC_WARN_UNUSED_VARIABLE = YES;
				IPHONEOS_DEPLOYMENT_TARGET = 15.0;
				MTL_ENABLE_DEBUG_INFO = INCLUDE_SOURCE;
				MTL_FAST_MATH = YES;
				ONLY_ACTIVE_ARCH = YES;
				SDKROOT = iphoneos;
				SWIFT_ACTIVE_COMPILATION_CONDITIONS = DEBUG;
				SWIFT_OPTIMIZATION_LEVEL = "-Onone";
			};
			name = Debug;
		};
		DFFB28E5276B8BFF007B5C11 /* Release */ = {
			isa = XCBuildConfiguration;
			buildSettings = {
				ALWAYS_SEARCH_USER_PATHS = NO;
				CLANG_ANALYZER_NONNULL = YES;
				CLANG_ANALYZER_NUMBER_OBJECT_CONVERSION = YES_AGGRESSIVE;
				CLANG_CXX_LANGUAGE_STANDARD = "gnu++17";
				CLANG_CXX_LIBRARY = "libc++";
				CLANG_ENABLE_MODULES = YES;
				CLANG_ENABLE_OBJC_ARC = YES;
				CLANG_ENABLE_OBJC_WEAK = YES;
				CLANG_WARN_BLOCK_CAPTURE_AUTORELEASING = YES;
				CLANG_WARN_BOOL_CONVERSION = YES;
				CLANG_WARN_COMMA = YES;
				CLANG_WARN_CONSTANT_CONVERSION = YES;
				CLANG_WARN_DEPRECATED_OBJC_IMPLEMENTATIONS = YES;
				CLANG_WARN_DIRECT_OBJC_ISA_USAGE = YES_ERROR;
				CLANG_WARN_DOCUMENTATION_COMMENTS = YES;
				CLANG_WARN_EMPTY_BODY = YES;
				CLANG_WARN_ENUM_CONVERSION = YES;
				CLANG_WARN_INFINITE_RECURSION = YES;
				CLANG_WARN_INT_CONVERSION = YES;
				CLANG_WARN_NON_LITERAL_NULL_CONVERSION = YES;
				CLANG_WARN_OBJC_IMPLICIT_RETAIN_SELF = YES;
				CLANG_WARN_OBJC_LITERAL_CONVERSION = YES;
				CLANG_WARN_OBJC_ROOT_CLASS = YES_ERROR;
				CLANG_WARN_QUOTED_INCLUDE_IN_FRAMEWORK_HEADER = YES;
				CLANG_WARN_RANGE_LOOP_ANALYSIS = YES;
				CLANG_WARN_STRICT_PROTOTYPES = YES;
				CLANG_WARN_SUSPICIOUS_MOVE = YES;
				CLANG_WARN_UNGUARDED_AVAILABILITY = YES_AGGRESSIVE;
				CLANG_WARN_UNREACHABLE_CODE = YES;
				CLANG_WARN__DUPLICATE_METHOD_MATCH = YES;
				COPY_PHASE_STRIP = NO;
				DEBUG_INFORMATION_FORMAT = "dwarf-with-dsym";
				ENABLE_NS_ASSERTIONS = NO;
				ENABLE_STRICT_OBJC_MSGSEND = YES;
				GCC_C_LANGUAGE_STANDARD = gnu11;
				GCC_NO_COMMON_BLOCKS = YES;
				GCC_WARN_64_TO_32_BIT_CONVERSION = YES;
				GCC_WARN_ABOUT_RETURN_TYPE = YES_ERROR;
				GCC_WARN_UNDECLARED_SELECTOR = YES;
				GCC_WARN_UNINITIALIZED_AUTOS = YES_AGGRESSIVE;
				GCC_WARN_UNUSED_FUNCTION = YES;
				GCC_WARN_UNUSED_VARIABLE = YES;
				IPHONEOS_DEPLOYMENT_TARGET = 15.0;
				MTL_ENABLE_DEBUG_INFO = NO;
				MTL_FAST_MATH = YES;
				SDKROOT = iphoneos;
				SWIFT_COMPILATION_MODE = wholemodule;
				SWIFT_OPTIMIZATION_LEVEL = "-O";
				VALIDATE_PRODUCT = YES;
			};
			name = Release;
		};
		DFFB28E7276B8BFF007B5C11 /* Debug */ = {
			isa = XCBuildConfiguration;
			buildSettings = {
				ASSETCATALOG_COMPILER_APPICON_NAME = AppIcon;
				ASSETCATALOG_COMPILER_GLOBAL_ACCENT_COLOR_NAME = AccentColor;
				CODE_SIGN_STYLE = Automatic;
				CURRENT_PROJECT_VERSION = 1;
				GENERATE_INFOPLIST_FILE = YES;
				INFOPLIST_FILE = "KursÖdevFigma/Info.plist";
				INFOPLIST_KEY_UIApplicationSupportsIndirectInputEvents = YES;
				INFOPLIST_KEY_UILaunchStoryboardName = LaunchScreen;
				INFOPLIST_KEY_UIMainStoryboardFile = Main;
				INFOPLIST_KEY_UISupportedInterfaceOrientations_iPad = "UIInterfaceOrientationPortrait UIInterfaceOrientationPortraitUpsideDown UIInterfaceOrientationLandscapeLeft UIInterfaceOrientationLandscapeRight";
				INFOPLIST_KEY_UISupportedInterfaceOrientations_iPhone = "UIInterfaceOrientationPortrait UIInterfaceOrientationLandscapeLeft UIInterfaceOrientationLandscapeRight";
				LD_RUNPATH_SEARCH_PATHS = (
					"$(inherited)",
					"@executable_path/Frameworks",
				);
				MARKETING_VERSION = 1.0;
				PRODUCT_BUNDLE_IDENTIFIER = com.kaanyalcinkaya.KursOdevFigma;
				PRODUCT_NAME = "$(TARGET_NAME)";
				SWIFT_EMIT_LOC_STRINGS = YES;
				SWIFT_VERSION = 5.0;
				TARGETED_DEVICE_FAMILY = "1,2";
			};
			name = Debug;
		};
		DFFB28E8276B8BFF007B5C11 /* Release */ = {
			isa = XCBuildConfiguration;
			buildSettings = {
				ASSETCATALOG_COMPILER_APPICON_NAME = AppIcon;
				ASSETCATALOG_COMPILER_GLOBAL_ACCENT_COLOR_NAME = AccentColor;
				CODE_SIGN_STYLE = Automatic;
				CURRENT_PROJECT_VERSION = 1;
				GENERATE_INFOPLIST_FILE = YES;
				INFOPLIST_FILE = "KursÖdevFigma/Info.plist";
				INFOPLIST_KEY_UIApplicationSupportsIndirectInputEvents = YES;
				INFOPLIST_KEY_UILaunchStoryboardName = LaunchScreen;
				INFOPLIST_KEY_UIMainStoryboardFile = Main;
				INFOPLIST_KEY_UISupportedInterfaceOrientations_iPad = "UIInterfaceOrientationPortrait UIInterfaceOrientationPortraitUpsideDown UIInterfaceOrientationLandscapeLeft UIInterfaceOrientationLandscapeRight";
				INFOPLIST_KEY_UISupportedInterfaceOrientations_iPhone = "UIInterfaceOrientationPortrait UIInterfaceOrientationLandscapeLeft UIInterfaceOrientationLandscapeRight";
				LD_RUNPATH_SEARCH_PATHS = (
					"$(inherited)",
					"@executable_path/Frameworks",
				);
				MARKETING_VERSION = 1.0;
				PRODUCT_BUNDLE_IDENTIFIER = com.kaanyalcinkaya.KursOdevFigma;
				PRODUCT_NAME = "$(TARGET_NAME)";
				SWIFT_EMIT_LOC_STRINGS = YES;
				SWIFT_VERSION = 5.0;
				TARGETED_DEVICE_FAMILY = "1,2";
			};
			name = Release;
		};
/* End XCBuildConfiguration section */

/* Begin XCConfigurationList section */
		DFFB28CD276B8BFF007B5C11 /* Build configuration list for PBXProject "KursÖdevFigma" */ = {
			isa = XCConfigurationList;
			buildConfigurations = (
				DFFB28E4276B8BFF007B5C11 /* Debug */,
				DFFB28E5276B8BFF007B5C11 /* Release */,
			);
			defaultConfigurationIsVisible = 0;
			defaultConfigurationName = Release;
		};
		DFFB28E6276B8BFF007B5C11 /* Build configuration list for PBXNativeTarget "KursÖdevFigma" */ = {
			isa = XCConfigurationList;
			buildConfigurations = (
				DFFB28E7276B8BFF007B5C11 /* Debug */,
				DFFB28E8276B8BFF007B5C11 /* Release */,
			);
			defaultConfigurationIsVisible = 0;
			defaultConfigurationName = Release;
		};
/* End XCConfigurationList section */
	};
	rootObject = DFFB28CA276B8BFF007B5C11 /* Project object */;
}
